PODS:
  - JitsiMeetSDK (2.10.2)
  - OpenTok (2.18.1)

DEPENDENCIES:
  - JitsiMeetSDK
  - OpenTok

SPEC REPOS:
  trunk:
    - JitsiMeetSDK
    - OpenTok

SPEC CHECKSUMS:
  JitsiMeetSDK: d7612d73befd3f7f51f989458a816bbd05d0bc8e
  OpenTok: 2a816f5d77fbf2e2ebb5aec841bd21fb7dc7737b

PODFILE CHECKSUM: a6dc09b6318764a059ba54568ceb86a56317b1f4

COCOAPODS: 1.10.0
