PODS:
  - JitsiMeetSDK (2.10.2)
  - OpenTok (2.18.1)
  - TableSDK (0.1.5):
    - JitsiMeetSDK
    - OpenTok

DEPENDENCIES:
  - TableSDK (from `../`)

SPEC REPOS:
  trunk:
    - JitsiMeetSDK
    - OpenTok

EXTERNAL SOURCES:
  TableSDK:
    :path: "../"

SPEC CHECKSUMS:
  JitsiMeetSDK: d7612d73befd3f7f51f989458a816bbd05d0bc8e
  OpenTok: 2a816f5d77fbf2e2ebb5aec841bd21fb7dc7737b
  TableSDK: 7b57918f11de1230ae711c2181dadd623baa9659

PODFILE CHECKSUM: a9b7ce38e462dba555b45f219668179c7b656a1f

COCOAPODS: 1.10.0
